
Microsoft Visual Studio Solution File, Format Version 12.00
# Visual Studio Version 17
VisualStudioVersion = 17.0.31903.59
MinimumVisualStudioVersion = 10.0.40219.1
Project("{FAE04EC0-301F-11D3-BF4B-00C04F79EFBC}") = "Power2Method", "Power2Method\Power2Method.csproj", "{035BCFCB-805E-4A0D-ACC8-20B28280A47B}"
EndProject
Project("{FAE04EC0-301F-11D3-BF4B-00C04F79EFBC}") = "FamousQuotes", "FamousQuotes\FamousQuotes.csproj", "{C736661E-B1F7-4DD2-A999-766136358984}"
EndProject
Project("{FAE04EC0-301F-11D3-BF4B-00C04F79EFBC}") = "Lucas", "Lucas\Lucas.csproj", "{EFDBA4C9-BD0C-4B6E-9B4F-868C4F66420C}"
EndProject
Global
	GlobalSection(SolutionConfigurationPlatforms) = preSolution
		Debug|Any CPU = Debug|Any CPU
		Release|Any CPU = Release|Any CPU
	EndGlobalSection
	GlobalSection(SolutionProperties) = preSolution
		HideSolutionNode = FALSE
	EndGlobalSection
	GlobalSection(ProjectConfigurationPlatforms) = postSolution
		{035BCFCB-805E-4A0D-ACC8-20B28280A47B}.Debug|Any CPU.ActiveCfg = Debug|Any CPU
		{035BCFCB-805E-4A0D-ACC8-20B28280A47B}.Debug|Any CPU.Build.0 = Debug|Any CPU
		{035BCFCB-805E-4A0D-ACC8-20B28280A47B}.Release|Any CPU.ActiveCfg = Release|Any CPU
		{035BCFCB-805E-4A0D-ACC8-20B28280A47B}.Release|Any CPU.Build.0 = Release|Any CPU
		{C736661E-B1F7-4DD2-A999-766136358984}.Debug|Any CPU.ActiveCfg = Debug|Any CPU
		{C736661E-B1F7-4DD2-A999-766136358984}.Debug|Any CPU.Build.0 = Debug|Any CPU
		{C736661E-B1F7-4DD2-A999-766136358984}.Release|Any CPU.ActiveCfg = Release|Any CPU
		{C736661E-B1F7-4DD2-A999-766136358984}.Release|Any CPU.Build.0 = Release|Any CPU
		{EFDBA4C9-BD0C-4B6E-9B4F-868C4F66420C}.Debug|Any CPU.ActiveCfg = Debug|Any CPU
		{EFDBA4C9-BD0C-4B6E-9B4F-868C4F66420C}.Debug|Any CPU.Build.0 = Debug|Any CPU
		{EFDBA4C9-BD0C-4B6E-9B4F-868C4F66420C}.Release|Any CPU.ActiveCfg = Release|Any CPU
		{EFDBA4C9-BD0C-4B6E-9B4F-868C4F66420C}.Release|Any CPU.Build.0 = Release|Any CPU
	EndGlobalSection
EndGlobal
